// !$*UTF8*$!
{
	archiveVersion = 1;
	classes = {
	};
	objectVersion = 56;
	objects = {

/* Begin PBXBuildFile section */
		66319EC9290261F300105456 /* linksyuuApp.swift in Sources */ = {isa = PBXBuildFile; fileRef = 66319EC8290261F300105456 /* linksyuuApp.swift */; };
		66319ECB290261F300105456 /* ContentView.swift in Sources */ = {isa = PBXBuildFile; fileRef = 66319ECA290261F300105456 /* ContentView.swift */; };
		66319ECD290261F300105456 /* Assets.xcassets in Resources */ = {isa = PBXBuildFile; fileRef = 66319ECC290261F300105456 /* Assets.xcassets */; };
		66319ED0290261F300105456 /* Preview Assets.xcassets in Resources */ = {isa = PBXBuildFile; fileRef = 66319ECF290261F300105456 /* Preview Assets.xcassets */; };
		66319EDA290261F400105456 /* linksyuuTests.swift in Sources */ = {isa = PBXBuildFile; fileRef = 66319ED9290261F400105456 /* linksyuuTests.swift */; };
		66319EE4290261F400105456 /* linksyuuUITests.swift in Sources */ = {isa = PBXBuildFile; fileRef = 66319EE3290261F400105456 /* linksyuuUITests.swift */; };
		66319EE6290261F400105456 /* linksyuuUITestsLaunchTests.swift in Sources */ = {isa = PBXBuildFile; fileRef = 66319EE5290261F400105456 /* linksyuuUITestsLaunchTests.swift */; };
		6677729829076F3E00AB1243 /* TabFirstView.swift in Sources */ = {isa = PBXBuildFile; fileRef = 6677729729076F3E00AB1243 /* TabFirstView.swift */; };
		6677729A29076F5200AB1243 /* TabSecondView.swift in Sources */ = {isa = PBXBuildFile; fileRef = 6677729929076F5200AB1243 /* TabSecondView.swift */; };
		6677729C29076F6400AB1243 /* TabThirdView.swift in Sources */ = {isa = PBXBuildFile; fileRef = 6677729B29076F6400AB1243 /* TabThirdView.swift */; };
		6677729E29076FE100AB1243 /* TabFourthView.swift in Sources */ = {isa = PBXBuildFile; fileRef = 6677729D29076FE100AB1243 /* TabFourthView.swift */; };
		667772A02907704500AB1243 /* TabFifthView.swift in Sources */ = {isa = PBXBuildFile; fileRef = 6677729F2907704500AB1243 /* TabFifthView.swift */; };
		66E544D7290BB12300CF7533 /* TabThirdSubView.swift in Sources */ = {isa = PBXBuildFile; fileRef = 66E544D6290BB12300CF7533 /* TabThirdSubView.swift */; };
		66E544D9290BBDD500CF7533 /* TabThirdListView.swift in Sources */ = {isa = PBXBuildFile; fileRef = 66E544D8290BBDD500CF7533 /* TabThirdListView.swift */; };
/* End PBXBuildFile section */

/* Begin PBXContainerItemProxy section */
		66319ED6290261F400105456 /* PBXContainerItemProxy */ = {
			isa = PBXContainerItemProxy;
			containerPortal = 66319EBD290261F300105456 /* Project object */;
			proxyType = 1;
			remoteGlobalIDString = 66319EC4290261F300105456;
			remoteInfo = linksyuu;
		};
		66319EE0290261F400105456 /* PBXContainerItemProxy */ = {
			isa = PBXContainerItemProxy;
			containerPortal = 66319EBD290261F300105456 /* Project object */;
			proxyType = 1;
			remoteGlobalIDString = 66319EC4290261F300105456;
			remoteInfo = linksyuu;
		};
/* End PBXContainerItemProxy section */

/* Begin PBXFileReference section */
		66319EC5290261F300105456 /* linksyuu.app */ = {isa = PBXFileReference; explicitFileType = wrapper.application; includeInIndex = 0; path = linksyuu.app; sourceTree = BUILT_PRODUCTS_DIR; };
		66319EC8290261F300105456 /* linksyuuApp.swift */ = {isa = PBXFileReference; lastKnownFileType = sourcecode.swift; path = linksyuuApp.swift; sourceTree = "<group>"; };
		66319ECA290261F300105456 /* ContentView.swift */ = {isa = PBXFileReference; lastKnownFileType = sourcecode.swift; path = ContentView.swift; sourceTree = "<group>"; };
		66319ECC290261F300105456 /* Assets.xcassets */ = {isa = PBXFileReference; lastKnownFileType = folder.assetcatalog; path = Assets.xcassets; sourceTree = "<group>"; };
		66319ECF290261F300105456 /* Preview Assets.xcassets */ = {isa = PBXFileReference; lastKnownFileType = folder.assetcatalog; path = "Preview Assets.xcassets"; sourceTree = "<group>"; };
		66319ED5290261F400105456 /* linksyuuTests.xctest */ = {isa = PBXFileReference; explicitFileType = wrapper.cfbundle; includeInIndex = 0; path = linksyuuTests.xctest; sourceTree = BUILT_PRODUCTS_DIR; };
		66319ED9290261F400105456 /* linksyuuTests.swift */ = {isa = PBXFileReference; lastKnownFileType = sourcecode.swift; path = linksyuuTests.swift; sourceTree = "<group>"; };
		66319EDF290261F400105456 /* linksyuuUITests.xctest */ = {isa = PBXFileReference; explicitFileType = wrapper.cfbundle; includeInIndex = 0; path = linksyuuUITests.xctest; sourceTree = BUILT_PRODUCTS_DIR; };
		66319EE3290261F400105456 /* linksyuuUITests.swift */ = {isa = PBXFileReference; lastKnownFileType = sourcecode.swift; path = linksyuuUITests.swift; sourceTree = "<group>"; };
		66319EE5290261F400105456 /* linksyuuUITestsLaunchTests.swift */ = {isa = PBXFileReference; lastKnownFileType = sourcecode.swift; path = linksyuuUITestsLaunchTests.swift; sourceTree = "<group>"; };
		6677729729076F3E00AB1243 /* TabFirstView.swift */ = {isa = PBXFileReference; lastKnownFileType = sourcecode.swift; path = TabFirstView.swift; sourceTree = "<group>"; };
		6677729929076F5200AB1243 /* TabSecondView.swift */ = {isa = PBXFileReference; lastKnownFileType = sourcecode.swift; path = TabSecondView.swift; sourceTree = "<group>"; };
		6677729B29076F6400AB1243 /* TabThirdView.swift */ = {isa = PBXFileReference; lastKnownFileType = sourcecode.swift; path = TabThirdView.swift; sourceTree = "<group>"; };
		6677729D29076FE100AB1243 /* TabFourthView.swift */ = {isa = PBXFileReference; lastKnownFileType = sourcecode.swift; path = TabFourthView.swift; sourceTree = "<group>"; };
		6677729F2907704500AB1243 /* TabFifthView.swift */ = {isa = PBXFileReference; lastKnownFileType = sourcecode.swift; path = TabFifthView.swift; sourceTree = "<group>"; };
		66E544D6290BB12300CF7533 /* TabThirdSubView.swift */ = {isa = PBXFileReference; lastKnownFileType = sourcecode.swift; path = TabThirdSubView.swift; sourceTree = "<group>"; };
		66E544D8290BBDD500CF7533 /* TabThirdListView.swift */ = {isa = PBXFileReference; lastKnownFileType = sourcecode.swift; path = TabThirdListView.swift; sourceTree = "<group>"; };
/* End PBXFileReference section */

/* Begin PBXFrameworksBuildPhase section */
		66319EC2290261F300105456 /* Frameworks */ = {
			isa = PBXFrameworksBuildPhase;
			buildActionMask = 2147483647;
			files = (
			);
			runOnlyForDeploymentPostprocessing = 0;
		};
		66319ED2290261F400105456 /* Frameworks */ = {
			isa = PBXFrameworksBuildPhase;
			buildActionMask = 2147483647;
			files = (
			);
			runOnlyForDeploymentPostprocessing = 0;
		};
		66319EDC290261F400105456 /* Frameworks */ = {
			isa = PBXFrameworksBuildPhase;
			buildActionMask = 2147483647;
			files = (
			);
			runOnlyForDeploymentPostprocessing = 0;
		};
/* End PBXFrameworksBuildPhase section */

/* Begin PBXGroup section */
		66319EBC290261F300105456 = {
			isa = PBXGroup;
			children = (
				66319EC7290261F300105456 /* linksyuu */,
				66319ED8290261F400105456 /* linksyuuTests */,
				66319EE2290261F400105456 /* linksyuuUITests */,
				66319EC6290261F300105456 /* Products */,
			);
			sourceTree = "<group>";
		};
		66319EC6290261F300105456 /* Products */ = {
			isa = PBXGroup;
			children = (
				66319EC5290261F300105456 /* linksyuu.app */,
				66319ED5290261F400105456 /* linksyuuTests.xctest */,
				66319EDF290261F400105456 /* linksyuuUITests.xctest */,
			);
			name = Products;
			sourceTree = "<group>";
		};
		66319EC7290261F300105456 /* linksyuu */ = {
			isa = PBXGroup;
			children = (
				66319EC8290261F300105456 /* linksyuuApp.swift */,
				66319ECA290261F300105456 /* ContentView.swift */,
				6677729729076F3E00AB1243 /* TabFirstView.swift */,
				6677729929076F5200AB1243 /* TabSecondView.swift */,
				6677729B29076F6400AB1243 /* TabThirdView.swift */,
				66E544D6290BB12300CF7533 /* TabThirdSubView.swift */,
				66E544D8290BBDD500CF7533 /* TabThirdListView.swift */,
				6677729D29076FE100AB1243 /* TabFourthView.swift */,
				6677729F2907704500AB1243 /* TabFifthView.swift */,
				66319ECC290261F300105456 /* Assets.xcassets */,
				66319ECE290261F300105456 /* Preview Content */,
			);
			path = linksyuu;
			sourceTree = "<group>";
		};
		66319ECE290261F300105456 /* Preview Content */ = {
			isa = PBXGroup;
			children = (
				66319ECF290261F300105456 /* Preview Assets.xcassets */,
			);
			path = "Preview Content";
			sourceTree = "<group>";
		};
		66319ED8290261F400105456 /* linksyuuTests */ = {
			isa = PBXGroup;
			children = (
				66319ED9290261F400105456 /* linksyuuTests.swift */,
			);
			path = linksyuuTests;
			sourceTree = "<group>";
		};
		66319EE2290261F400105456 /* linksyuuUITests */ = {
			isa = PBXGroup;
			children = (
				66319EE3290261F400105456 /* linksyuuUITests.swift */,
				66319EE5290261F400105456 /* linksyuuUITestsLaunchTests.swift */,
			);
			path = linksyuuUITests;
			sourceTree = "<group>";
		};
/* End PBXGroup section */

/* Begin PBXNativeTarget section */
		66319EC4290261F300105456 /* linksyuu */ = {
			isa = PBXNativeTarget;
			buildConfigurationList = 66319EE9290261F400105456 /* Build configuration list for PBXNativeTarget "linksyuu" */;
			buildPhases = (
				66319EC1290261F300105456 /* Sources */,
				66319EC2290261F300105456 /* Frameworks */,
				66319EC3290261F300105456 /* Resources */,
			);
			buildRules = (
			);
			dependencies = (
			);
			name = linksyuu;
			productName = linksyuu;
			productReference = 66319EC5290261F300105456 /* linksyuu.app */;
			productType = "com.apple.product-type.application";
		};
		66319ED4290261F400105456 /* linksyuuTests */ = {
			isa = PBXNativeTarget;
			buildConfigurationList = 66319EEC290261F400105456 /* Build configuration list for PBXNativeTarget "linksyuuTests" */;
			buildPhases = (
				66319ED1290261F400105456 /* Sources */,
				66319ED2290261F400105456 /* Frameworks */,
				66319ED3290261F400105456 /* Resources */,
			);
			buildRules = (
			);
			dependencies = (
				66319ED7290261F400105456 /* PBXTargetDependency */,
			);
			name = linksyuuTests;
			productName = linksyuuTests;
			productReference = 66319ED5290261F400105456 /* linksyuuTests.xctest */;
			productType = "com.apple.product-type.bundle.unit-test";
		};
		66319EDE290261F400105456 /* linksyuuUITests */ = {
			isa = PBXNativeTarget;
			buildConfigurationList = 66319EEF290261F400105456 /* Build configuration list for PBXNativeTarget "linksyuuUITests" */;
			buildPhases = (
				66319EDB290261F400105456 /* Sources */,
				66319EDC290261F400105456 /* Frameworks */,
				66319EDD290261F400105456 /* Resources */,
			);
			buildRules = (
			);
			dependencies = (
				66319EE1290261F400105456 /* PBXTargetDependency */,
			);
			name = linksyuuUITests;
			productName = linksyuuUITests;
			productReference = 66319EDF290261F400105456 /* linksyuuUITests.xctest */;
			productType = "com.apple.product-type.bundle.ui-testing";
		};
/* End PBXNativeTarget section */

/* Begin PBXProject section */
		66319EBD290261F300105456 /* Project object */ = {
			isa = PBXProject;
			attributes = {
				BuildIndependentTargetsInParallel = 1;
				LastSwiftUpdateCheck = 1400;
				LastUpgradeCheck = 1400;
				TargetAttributes = {
					66319EC4290261F300105456 = {
						CreatedOnToolsVersion = 14.0;
					};
					66319ED4290261F400105456 = {
						CreatedOnToolsVersion = 14.0;
						TestTargetID = 66319EC4290261F300105456;
					};
					66319EDE290261F400105456 = {
						CreatedOnToolsVersion = 14.0;
						TestTargetID = 66319EC4290261F300105456;
					};
				};
			};
			buildConfigurationList = 66319EC0290261F300105456 /* Build configuration list for PBXProject "linksyuu" */;
			compatibilityVersion = "Xcode 14.0";
			developmentRegion = en;
			hasScannedForEncodings = 0;
			knownRegions = (
				en,
				Base,
			);
			mainGroup = 66319EBC290261F300105456;
			productRefGroup = 66319EC6290261F300105456 /* Products */;
			projectDirPath = "";
			projectRoot = "";
			targets = (
				66319EC4290261F300105456 /* linksyuu */,
				66319ED4290261F400105456 /* linksyuuTests */,
				66319EDE290261F400105456 /* linksyuuUITests */,
			);
		};
/* End PBXProject section */

/* Begin PBXResourcesBuildPhase section */
		66319EC3290261F300105456 /* Resources */ = {
			isa = PBXResourcesBuildPhase;
			buildActionMask = 2147483647;
			files = (
				66319ED0290261F300105456 /* Preview Assets.xcassets in Resources */,
				66319ECD290261F300105456 /* Assets.xcassets in Resources */,
			);
			runOnlyForDeploymentPostprocessing = 0;
		};
		66319ED3290261F400105456 /* Resources */ = {
			isa = PBXResourcesBuildPhase;
			buildActionMask = 2147483647;
			files = (
			);
			runOnlyForDeploymentPostprocessing = 0;
		};
		66319EDD290261F400105456 /* Resources */ = {
			isa = PBXResourcesBuildPhase;
			buildActionMask = 2147483647;
			files = (
			);
			runOnlyForDeploymentPostprocessing = 0;
		};
/* End PBXResourcesBuildPhase section */

/* Begin PBXSourcesBuildPhase section */
		66319EC1290261F300105456 /* Sources */ = {
			isa = PBXSourcesBuildPhase;
			buildActionMask = 2147483647;
			files = (
				6677729A29076F5200AB1243 /* TabSecondView.swift in Sources */,
				66319ECB290261F300105456 /* ContentView.swift in Sources */,
				66319EC9290261F300105456 /* linksyuuApp.swift in Sources */,
				667772A02907704500AB1243 /* TabFifthView.swift in Sources */,
				6677729C29076F6400AB1243 /* TabThirdView.swift in Sources */,
				6677729E29076FE100AB1243 /* TabFourthView.swift in Sources */,
				6677729829076F3E00AB1243 /* TabFirstView.swift in Sources */,
				66E544D9290BBDD500CF7533 /* TabThirdListView.swift in Sources */,
				66E544D7290BB12300CF7533 /* TabThirdSubView.swift in Sources */,
			);
			runOnlyForDeploymentPostprocessing = 0;
		};
		66319ED1290261F400105456 /* Sources */ = {
			isa = PBXSourcesBuildPhase;
			buildActionMask = 2147483647;
			files = (
				66319EDA290261F400105456 /* linksyuuTests.swift in Sources */,
			);
			runOnlyForDeploymentPostprocessing = 0;
		};
		66319EDB290261F400105456 /* Sources */ = {
			isa = PBXSourcesBuildPhase;
			buildActionMask = 2147483647;
			files = (
				66319EE6290261F400105456 /* linksyuuUITestsLaunchTests.swift in Sources */,
				66319EE4290261F400105456 /* linksyuuUITests.swift in Sources */,
			);
			runOnlyForDeploymentPostprocessing = 0;
		};
/* End PBXSourcesBuildPhase section */

/* Begin PBXTargetDependency section */
		66319ED7290261F400105456 /* PBXTargetDependency */ = {
			isa = PBXTargetDependency;
			target = 66319EC4290261F300105456 /* linksyuu */;
			targetProxy = 66319ED6290261F400105456 /* PBXContainerItemProxy */;
		};
		66319EE1290261F400105456 /* PBXTargetDependency */ = {
			isa = PBXTargetDependency;
			target = 66319EC4290261F300105456 /* linksyuu */;
			targetProxy = 66319EE0290261F400105456 /* PBXContainerItemProxy */;
		};
/* End PBXTargetDependency section */

/* Begin XCBuildConfiguration section */
		66319EE7290261F400105456 /* Debug */ = {
			isa = XCBuildConfiguration;
			buildSettings = {
				ALWAYS_SEARCH_USER_PATHS = NO;
				CLANG_ANALYZER_NONNULL = YES;
				CLANG_ANALYZER_NUMBER_OBJECT_CONVERSION = YES_AGGRESSIVE;
				CLANG_CXX_LANGUAGE_STANDARD = "gnu++20";
				CLANG_ENABLE_MODULES = YES;
				CLANG_ENABLE_OBJC_ARC = YES;
				CLANG_ENABLE_OBJC_WEAK = YES;
				CLANG_WARN_BLOCK_CAPTURE_AUTORELEASING = YES;
				CLANG_WARN_BOOL_CONVERSION = YES;
				CLANG_WARN_COMMA = YES;
				CLANG_WARN_CONSTANT_CONVERSION = YES;
				CLANG_WARN_DEPRECATED_OBJC_IMPLEMENTATIONS = YES;
				CLANG_WARN_DIRECT_OBJC_ISA_USAGE = YES_ERROR;
				CLANG_WARN_DOCUMENTATION_COMMENTS = YES;
				CLANG_WARN_EMPTY_BODY = YES;
				CLANG_WARN_ENUM_CONVERSION = YES;
				CLANG_WARN_INFINITE_RECURSION = YES;
				CLANG_WARN_INT_CONVERSION = YES;
				CLANG_WARN_NON_LITERAL_NULL_CONVERSION = YES;
				CLANG_WARN_OBJC_IMPLICIT_RETAIN_SELF = YES;
				CLANG_WARN_OBJC_LITERAL_CONVERSION = YES;
				CLANG_WARN_OBJC_ROOT_CLASS = YES_ERROR;
				CLANG_WARN_QUOTED_INCLUDE_IN_FRAMEWORK_HEADER = YES;
				CLANG_WARN_RANGE_LOOP_ANALYSIS = YES;
				CLANG_WARN_STRICT_PROTOTYPES = YES;
				CLANG_WARN_SUSPICIOUS_MOVE = YES;
				CLANG_WARN_UNGUARDED_AVAILABILITY = YES_AGGRESSIVE;
				CLANG_WARN_UNREACHABLE_CODE = YES;
				CLANG_WARN__DUPLICATE_METHOD_MATCH = YES;
				COPY_PHASE_STRIP = NO;
				DEBUG_INFORMATION_FORMAT = dwarf;
				ENABLE_STRICT_OBJC_MSGSEND = YES;
				ENABLE_TESTABILITY = YES;
				GCC_C_LANGUAGE_STANDARD = gnu11;
				GCC_DYNAMIC_NO_PIC = NO;
				GCC_NO_COMMON_BLOCKS = YES;
				GCC_OPTIMIZATION_LEVEL = 0;
				GCC_PREPROCESSOR_DEFINITIONS = (
					"DEBUG=1",
					"$(inherited)",
				);
				GCC_WARN_64_TO_32_BIT_CONVERSION = YES;
				GCC_WARN_ABOUT_RETURN_TYPE = YES_ERROR;
				GCC_WARN_UNDECLARED_SELECTOR = YES;
				GCC_WARN_UNINITIALIZED_AUTOS = YES_AGGRESSIVE;
				GCC_WARN_UNUSED_FUNCTION = YES;
				GCC_WARN_UNUSED_VARIABLE = YES;
				IPHONEOS_DEPLOYMENT_TARGET = 16.0;
				MTL_ENABLE_DEBUG_INFO = INCLUDE_SOURCE;
				MTL_FAST_MATH = YES;
				ONLY_ACTIVE_ARCH = YES;
				SDKROOT = iphoneos;
				SWIFT_ACTIVE_COMPILATION_CONDITIONS = DEBUG;
				SWIFT_OPTIMIZATION_LEVEL = "-Onone";
			};
			name = Debug;
		};
		66319EE8290261F400105456 /* Release */ = {
			isa = XCBuildConfiguration;
			buildSettings = {
				ALWAYS_SEARCH_USER_PATHS = NO;
				CLANG_ANALYZER_NONNULL = YES;
				CLANG_ANALYZER_NUMBER_OBJECT_CONVERSION = YES_AGGRESSIVE;
				CLANG_CXX_LANGUAGE_STANDARD = "gnu++20";
				CLANG_ENABLE_MODULES = YES;
				CLANG_ENABLE_OBJC_ARC = YES;
				CLANG_ENABLE_OBJC_WEAK = YES;
				CLANG_WARN_BLOCK_CAPTURE_AUTORELEASING = YES;
				CLANG_WARN_BOOL_CONVERSION = YES;
				CLANG_WARN_COMMA = YES;
				CLANG_WARN_CONSTANT_CONVERSION = YES;
				CLANG_WARN_DEPRECATED_OBJC_IMPLEMENTATIONS = YES;
				CLANG_WARN_DIRECT_OBJC_ISA_USAGE = YES_ERROR;
				CLANG_WARN_DOCUMENTATION_COMMENTS = YES;
				CLANG_WARN_EMPTY_BODY = YES;
				CLANG_WARN_ENUM_CONVERSION = YES;
				CLANG_WARN_INFINITE_RECURSION = YES;
				CLANG_WARN_INT_CONVERSION = YES;
				CLANG_WARN_NON_LITERAL_NULL_CONVERSION = YES;
				CLANG_WARN_OBJC_IMPLICIT_RETAIN_SELF = YES;
				CLANG_WARN_OBJC_LITERAL_CONVERSION = YES;
				CLANG_WARN_OBJC_ROOT_CLASS = YES_ERROR;
				CLANG_WARN_QUOTED_INCLUDE_IN_FRAMEWORK_HEADER = YES;
				CLANG_WARN_RANGE_LOOP_ANALYSIS = YES;
				CLANG_WARN_STRICT_PROTOTYPES = YES;
				CLANG_WARN_SUSPICIOUS_MOVE = YES;
				CLANG_WARN_UNGUARDED_AVAILABILITY = YES_AGGRESSIVE;
				CLANG_WARN_UNREACHABLE_CODE = YES;
				CLANG_WARN__DUPLICATE_METHOD_MATCH = YES;
				COPY_PHASE_STRIP = NO;
				DEBUG_INFORMATION_FORMAT = "dwarf-with-dsym";
				ENABLE_NS_ASSERTIONS = NO;
				ENABLE_STRICT_OBJC_MSGSEND = YES;
				GCC_C_LANGUAGE_STANDARD = gnu11;
				GCC_NO_COMMON_BLOCKS = YES;
				GCC_WARN_64_TO_32_BIT_CONVERSION = YES;
				GCC_WARN_ABOUT_RETURN_TYPE = YES_ERROR;
				GCC_WARN_UNDECLARED_SELECTOR = YES;
				GCC_WARN_UNINITIALIZED_AUTOS = YES_AGGRESSIVE;
				GCC_WARN_UNUSED_FUNCTION = YES;
				GCC_WARN_UNUSED_VARIABLE = YES;
				IPHONEOS_DEPLOYMENT_TARGET = 16.0;
				MTL_ENABLE_DEBUG_INFO = NO;
				MTL_FAST_MATH = YES;
				SDKROOT = iphoneos;
				SWIFT_COMPILATION_MODE = wholemodule;
				SWIFT_OPTIMIZATION_LEVEL = "-O";
				VALIDATE_PRODUCT = YES;
			};
			name = Release;
		};
		66319EEA290261F400105456 /* Debug */ = {
			isa = XCBuildConfiguration;
			buildSettings = {
				ASSETCATALOG_COMPILER_APPICON_NAME = AppIcon;
				ASSETCATALOG_COMPILER_GLOBAL_ACCENT_COLOR_NAME = AccentColor;
				CODE_SIGN_STYLE = Automatic;
				CURRENT_PROJECT_VERSION = 1;
				DEVELOPMENT_ASSET_PATHS = "\"linksyuu/Preview Content\"";
				DEVELOPMENT_TEAM = 7SYY94KXT2;
				ENABLE_PREVIEWS = YES;
				GENERATE_INFOPLIST_FILE = YES;
				INFOPLIST_KEY_UIApplicationSceneManifest_Generation = YES;
				INFOPLIST_KEY_UIApplicationSupportsIndirectInputEvents = YES;
				INFOPLIST_KEY_UILaunchScreen_Generation = YES;
				INFOPLIST_KEY_UISupportedInterfaceOrientations_iPad = "UIInterfaceOrientationPortrait UIInterfaceOrientationPortraitUpsideDown UIInterfaceOrientationLandscapeLeft UIInterfaceOrientationLandscapeRight";
				INFOPLIST_KEY_UISupportedInterfaceOrientations_iPhone = "UIInterfaceOrientationPortrait UIInterfaceOrientationLandscapeLeft UIInterfaceOrientationLandscapeRight";
				LD_RUNPATH_SEARCH_PATHS = (
					"$(inherited)",
					"@executable_path/Frameworks",
				);
				MARKETING_VERSION = 1.0;
				PRODUCT_BUNDLE_IDENTIFIER = com.masataka.linksyuu;
				PRODUCT_NAME = "$(TARGET_NAME)";
				SWIFT_EMIT_LOC_STRINGS = YES;
				SWIFT_VERSION = 5.0;
				TARGETED_DEVICE_FAMILY = "1,2";
			};
			name = Debug;
		};
		66319EEB290261F400105456 /* Release */ = {
			isa = XCBuildConfiguration;
			buildSettings = {
				ASSETCATALOG_COMPILER_APPICON_NAME = AppIcon;
				ASSETCATALOG_COMPILER_GLOBAL_ACCENT_COLOR_NAME = AccentColor;
				CODE_SIGN_STYLE = Automatic;
				CURRENT_PROJECT_VERSION = 1;
				DEVELOPMENT_ASSET_PATHS = "\"linksyuu/Preview Content\"";
				DEVELOPMENT_TEAM = 7SYY94KXT2;
				ENABLE_PREVIEWS = YES;
				GENERATE_INFOPLIST_FILE = YES;
				INFOPLIST_KEY_UIApplicationSceneManifest_Generation = YES;
				INFOPLIST_KEY_UIApplicationSupportsIndirectInputEvents = YES;
				INFOPLIST_KEY_UILaunchScreen_Generation = YES;
				INFOPLIST_KEY_UISupportedInterfaceOrientations_iPad = "UIInterfaceOrientationPortrait UIInterfaceOrientationPortraitUpsideDown UIInterfaceOrientationLandscapeLeft UIInterfaceOrientationLandscapeRight";
				INFOPLIST_KEY_UISupportedInterfaceOrientations_iPhone = "UIInterfaceOrientationPortrait UIInterfaceOrientationLandscapeLeft UIInterfaceOrientationLandscapeRight";
				LD_RUNPATH_SEARCH_PATHS = (
					"$(inherited)",
					"@executable_path/Frameworks",
				);
				MARKETING_VERSION = 1.0;
				PRODUCT_BUNDLE_IDENTIFIER = com.masataka.linksyuu;
				PRODUCT_NAME = "$(TARGET_NAME)";
				SWIFT_EMIT_LOC_STRINGS = YES;
				SWIFT_VERSION = 5.0;
				TARGETED_DEVICE_FAMILY = "1,2";
			};
			name = Release;
		};
		66319EED290261F400105456 /* Debug */ = {
			isa = XCBuildConfiguration;
			buildSettings = {
				ALWAYS_EMBED_SWIFT_STANDARD_LIBRARIES = YES;
				BUNDLE_LOADER = "$(TEST_HOST)";
				CODE_SIGN_STYLE = Automatic;
				CURRENT_PROJECT_VERSION = 1;
				DEVELOPMENT_TEAM = 7SYY94KXT2;
				GENERATE_INFOPLIST_FILE = YES;
				IPHONEOS_DEPLOYMENT_TARGET = 16.0;
				MARKETING_VERSION = 1.0;
				PRODUCT_BUNDLE_IDENTIFIER = com.masataka.linksyuuTests;
				PRODUCT_NAME = "$(TARGET_NAME)";
				SWIFT_EMIT_LOC_STRINGS = NO;
				SWIFT_VERSION = 5.0;
				TARGETED_DEVICE_FAMILY = "1,2";
				TEST_HOST = "$(BUILT_PRODUCTS_DIR)/linksyuu.app/$(BUNDLE_EXECUTABLE_FOLDER_PATH)/linksyuu";
			};
			name = Debug;
		};
		66319EEE290261F400105456 /* Release */ = {
			isa = XCBuildConfiguration;
			buildSettings = {
				ALWAYS_EMBED_SWIFT_STANDARD_LIBRARIES = YES;
				BUNDLE_LOADER = "$(TEST_HOST)";
				CODE_SIGN_STYLE = Automatic;
				CURRENT_PROJECT_VERSION = 1;
				DEVELOPMENT_TEAM = 7SYY94KXT2;
				GENERATE_INFOPLIST_FILE = YES;
				IPHONEOS_DEPLOYMENT_TARGET = 16.0;
				MARKETING_VERSION = 1.0;
				PRODUCT_BUNDLE_IDENTIFIER = com.masataka.linksyuuTests;
				PRODUCT_NAME = "$(TARGET_NAME)";
				SWIFT_EMIT_LOC_STRINGS = NO;
				SWIFT_VERSION = 5.0;
				TARGETED_DEVICE_FAMILY = "1,2";
				TEST_HOST = "$(BUILT_PRODUCTS_DIR)/linksyuu.app/$(BUNDLE_EXECUTABLE_FOLDER_PATH)/linksyuu";
			};
			name = Release;
		};
		66319EF0290261F400105456 /* Debug */ = {
			isa = XCBuildConfiguration;
			buildSettings = {
				ALWAYS_EMBED_SWIFT_STANDARD_LIBRARIES = YES;
				CODE_SIGN_STYLE = Automatic;
				CURRENT_PROJECT_VERSION = 1;
				DEVELOPMENT_TEAM = 7SYY94KXT2;
				GENERATE_INFOPLIST_FILE = YES;
				MARKETING_VERSION = 1.0;
				PRODUCT_BUNDLE_IDENTIFIER = com.masataka.linksyuuUITests;
				PRODUCT_NAME = "$(TARGET_NAME)";
				SWIFT_EMIT_LOC_STRINGS = NO;
				SWIFT_VERSION = 5.0;
				TARGETED_DEVICE_FAMILY = "1,2";
				TEST_TARGET_NAME = linksyuu;
			};
			name = Debug;
		};
		66319EF1290261F400105456 /* Release */ = {
			isa = XCBuildConfiguration;
			buildSettings = {
				ALWAYS_EMBED_SWIFT_STANDARD_LIBRARIES = YES;
				CODE_SIGN_STYLE = Automatic;
				CURRENT_PROJECT_VERSION = 1;
				DEVELOPMENT_TEAM = 7SYY94KXT2;
				GENERATE_INFOPLIST_FILE = YES;
				MARKETING_VERSION = 1.0;
				PRODUCT_BUNDLE_IDENTIFIER = com.masataka.linksyuuUITests;
				PRODUCT_NAME = "$(TARGET_NAME)";
				SWIFT_EMIT_LOC_STRINGS = NO;
				SWIFT_VERSION = 5.0;
				TARGETED_DEVICE_FAMILY = "1,2";
				TEST_TARGET_NAME = linksyuu;
			};
			name = Release;
		};
/* End XCBuildConfiguration section */

/* Begin XCConfigurationList section */
		66319EC0290261F300105456 /* Build configuration list for PBXProject "linksyuu" */ = {
			isa = XCConfigurationList;
			buildConfigurations = (
				66319EE7290261F400105456 /* Debug */,
				66319EE8290261F400105456 /* Release */,
			);
			defaultConfigurationIsVisible = 0;
			defaultConfigurationName = Release;
		};
		66319EE9290261F400105456 /* Build configuration list for PBXNativeTarget "linksyuu" */ = {
			isa = XCConfigurationList;
			buildConfigurations = (
				66319EEA290261F400105456 /* Debug */,
				66319EEB290261F400105456 /* Release */,
			);
			defaultConfigurationIsVisible = 0;
			defaultConfigurationName = Release;
		};
		66319EEC290261F400105456 /* Build configuration list for PBXNativeTarget "linksyuuTests" */ = {
			isa = XCConfigurationList;
			buildConfigurations = (
				66319EED290261F400105456 /* Debug */,
				66319EEE290261F400105456 /* Release */,
			);
			defaultConfigurationIsVisible = 0;
			defaultConfigurationName = Release;
		};
		66319EEF290261F400105456 /* Build configuration list for PBXNativeTarget "linksyuuUITests" */ = {
			isa = XCConfigurationList;
			buildConfigurations = (
				66319EF0290261F400105456 /* Debug */,
				66319EF1290261F400105456 /* Release */,
			);
			defaultConfigurationIsVisible = 0;
			defaultConfigurationName = Release;
		};
/* End XCConfigurationList section */
	};
	rootObject = 66319EBD290261F300105456 /* Project object */;
}
